Microsoft Visual Studio Solution File, Format Version 12.00
# Visual Studio Version 17
VisualStudioVersion = 17.5.2.0
MinimumVisualStudioVersion = 10.0.40219.1
Project("{FAE04EC0-301F-11D3-BF4B-00C04F79EFBC}") = "SchoolManagement.API", "SchoolManagement.API\SchoolManagement.API.csproj", "{A9A0CB81-264B-5E05-0C45-5A67043AAF6C}"
EndProject
Project("{FAE04EC0-301F-11D3-BF4B-00C04F79EFBC}") = "SchoolManagement.Application", "SchoolManagement.Application\SchoolManagement.Application.csproj", "{F66CD233-D6DD-A4A2-0404-7F01418480A7}"
EndProject
Project("{FAE04EC0-301F-11D3-BF4B-00C04F79EFBC}") = "SchoolManagement.Core", "SchoolManagement.Core\SchoolManagement.Core.csproj", "{D402196F-E1AF-4C48-0F2D-8D374310FF60}"
EndProject
Project("{FAE04EC0-301F-11D3-BF4B-00C04F79EFBC}") = "SchoolManagement.Infrastructure", "SchoolManagement.Infrastructure\SchoolManagement.Infrastructure.csproj", "{9DA55717-30E1-9CFB-2873-B9BD932FD70F}"
EndProject
Global
	GlobalSection(SolutionConfigurationPlatforms) = preSolution
		Debug|Any CPU = Debug|Any CPU
		Release|Any CPU = Release|Any CPU
	EndGlobalSection
	GlobalSection(ProjectConfigurationPlatforms) = postSolution
		{A9A0CB81-264B-5E05-0C45-5A67043AAF6C}.Debug|Any CPU.ActiveCfg = Debug|Any CPU
		{A9A0CB81-264B-5E05-0C45-5A67043AAF6C}.Debug|Any CPU.Build.0 = Debug|Any CPU
		{A9A0CB81-264B-5E05-0C45-5A67043AAF6C}.Release|Any CPU.ActiveCfg = Release|Any CPU
		{A9A0CB81-264B-5E05-0C45-5A67043AAF6C}.Release|Any CPU.Build.0 = Release|Any CPU
		{F66CD233-D6DD-A4A2-0404-7F01418480A7}.Debug|Any CPU.ActiveCfg = Debug|Any CPU
		{F66CD233-D6DD-A4A2-0404-7F01418480A7}.Debug|Any CPU.Build.0 = Debug|Any CPU
		{F66CD233-D6DD-A4A2-0404-7F01418480A7}.Release|Any CPU.ActiveCfg = Release|Any CPU
		{F66CD233-D6DD-A4A2-0404-7F01418480A7}.Release|Any CPU.Build.0 = Release|Any CPU
		{D402196F-E1AF-4C48-0F2D-8D374310FF60}.Debug|Any CPU.ActiveCfg = Debug|Any CPU
		{D402196F-E1AF-4C48-0F2D-8D374310FF60}.Debug|Any CPU.Build.0 = Debug|Any CPU
		{D402196F-E1AF-4C48-0F2D-8D374310FF60}.Release|Any CPU.ActiveCfg = Release|Any CPU
		{D402196F-E1AF-4C48-0F2D-8D374310FF60}.Release|Any CPU.Build.0 = Release|Any CPU
		{9DA55717-30E1-9CFB-2873-B9BD932FD70F}.Debug|Any CPU.ActiveCfg = Debug|Any CPU
		{9DA55717-30E1-9CFB-2873-B9BD932FD70F}.Debug|Any CPU.Build.0 = Debug|Any CPU
		{9DA55717-30E1-9CFB-2873-B9BD932FD70F}.Release|Any CPU.ActiveCfg = Release|Any CPU
		{9DA55717-30E1-9CFB-2873-B9BD932FD70F}.Release|Any CPU.Build.0 = Release|Any CPU
	EndGlobalSection
	GlobalSection(SolutionProperties) = preSolution
		HideSolutionNode = FALSE
	EndGlobalSection
	GlobalSection(ExtensibilityGlobals) = postSolution
		SolutionGuid = {B44EDEBB-9FA3-4652-92E7-24274841AE4B}
	EndGlobalSection
EndGlobal
